<?xml version="1.0" encoding="UTF-8" standalone="yes" ?>
<CodeBlocks_project_file>
	<FileVersion major="1" minor="6" />
	<Project>
		<Option title="MorglodsRenderTest" />
		<Option pch_mode="2" />
		<Option compiler="tdm_gcc64" />
		<Build>
			<Target title="Debug">
				<Option output="bin/Debug/DMorglodsRenderTest" prefix_auto="1" extension_auto="1" />
				<Option working_dir="bin/Debug/" />
				<Option object_output="obj/Debug/" />
				<Option type="1" />
				<Option compiler="tdm_gcc64" />
				<Compiler>
					<Add option="-g" />
				</Compiler>
				<Linker>
					<Add library="..\MorglodsRender\BUILD\libdMorglodsRender.a" />
					<Add library="SOIL" />
					<Add library="glfw3" />
					<Add library="glew32" />
					<Add library="opengl32" />
					<Add library="glu32" />
					<Add library="gdi32" />
					<Add library="winmm" />
					<Add library="zlib" />
					<Add library="pthread" />
					<Add library="C:\TDM-GCC-64\lib\libassimp.dll.a" />
				</Linker>
			</Target>
			<Target title="Release">
				<Option output="bin/Release/MorglodsRenderTest" prefix_auto="1" extension_auto="1" />
				<Option working_dir="bin/Release/" />
				<Option object_output="obj/Release/" />
				<Option type="1" />
				<Option compiler="tdm_gcc64" />
				<Compiler>
					<Add option="-fexpensive-optimizations" />
					<Add option="-O3" />
					<Add option="-Wall" />
				</Compiler>
				<Linker>
					<Add library="opengl32" />
					<Add library="C:\TDM-GCC-64\lib\glfw3dll.a" />
					<Add library="glew32" />
					<Add library="..\MorglodsRender\BUILD\libMorglodsRender.a" />
				</Linker>
			</Target>
		</Build>
		<Compiler>
			<Add option="-std=c++11" />
			<Add option="-Wall" />
			<Add option="-fexceptions" />
			<Add directory="../MorglodsRender" />
			<Add directory="C:/Libs/AntTweakBar_MinGW_GLOnly/include" />
			<Add directory="C:/Libs/Projects/MorglodsUtils" />
		</Compiler>
		<Linker>
			<Add library="C:\Libs\Projects\MorglodsUtils\bin\Release\libMorglodsUtils.a" />
			<Add directory="../MorglodsRender" />
		</Linker>
		<Unit filename="ShaderEditor.cpp" />
		<Unit filename="ShaderEditor.hpp" />
		<Unit filename="TestLods.hpp" />
		<Unit filename="TestOneBufferGeometry.hpp" />
		<Unit filename="TestSponza.hpp" />
		<Unit filename="TestTriangle.hpp" />
		<Unit filename="TestUI.hpp" />
		<Unit filename="Tests.hpp" />
		<Unit filename="main.cpp" />
		<Unit filename="pthreads_ThreadTest.h" />
		<Extensions>
			<code_completion />
			<envvars />
			<debugger />
			<lib_finder disable_auto="1" />
			<DoxyBlocks>
				<comment_style block="0" line="2" />
				<doxyfile_project />
				<doxyfile_build />
				<doxyfile_warnings />
				<doxyfile_output />
				<doxyfile_dot />
				<general />
			</DoxyBlocks>
			<wxsmith version="1">
				<gui name="wxWidgets" src="" main="" init_handlers="necessary" language="CPP" />
			</wxsmith>
		</Extensions>
	</Project>
</CodeBlocks_project_file>
